// !$*UTF8*$!
{
	archiveVersion = 1;
	classes = {
	};
	objectVersion = 48;
	objects = {

/* Begin PBXBuildFile section */
		659E182E201BE6B1007C9C84 /* AppDelegate.swift in Sources */ = {isa = PBXBuildFile; fileRef = 659E182D201BE6B1007C9C84 /* AppDelegate.swift */; };
		659E1830201BE6B1007C9C84 /* ViewController.swift in Sources */ = {isa = PBXBuildFile; fileRef = 659E182F201BE6B1007C9C84 /* ViewController.swift */; };
		659E1833201BE6B1007C9C84 /* Main.storyboard in Resources */ = {isa = PBXBuildFile; fileRef = 659E1831201BE6B1007C9C84 /* Main.storyboard */; };
		659E1835201BE6B1007C9C84 /* Assets.xcassets in Resources */ = {isa = PBXBuildFile; fileRef = 659E1834201BE6B1007C9C84 /* Assets.xcassets */; };
		659E1838201BE6B1007C9C84 /* LaunchScreen.storyboard in Resources */ = {isa = PBXBuildFile; fileRef = 659E1836201BE6B1007C9C84 /* LaunchScreen.storyboard */; };
		659E1843201BE6B1007C9C84 /* TipCalculatorTests.swift in Sources */ = {isa = PBXBuildFile; fileRef = 659E1842201BE6B1007C9C84 /* TipCalculatorTests.swift */; };
		659E184E201BE6B1007C9C84 /* TipCalculatorUITests.swift in Sources */ = {isa = PBXBuildFile; fileRef = 659E184D201BE6B1007C9C84 /* TipCalculatorUITests.swift */; };
/* End PBXBuildFile section */

/* Begin PBXContainerItemProxy section */
		659E183F201BE6B1007C9C84 /* PBXContainerItemProxy */ = {
			isa = PBXContainerItemProxy;
			containerPortal = 659E1822201BE6B1007C9C84 /* Project object */;
			proxyType = 1;
			remoteGlobalIDString = 659E1829201BE6B1007C9C84;
			remoteInfo = TipCalculator;
		};
		659E184A201BE6B1007C9C84 /* PBXContainerItemProxy */ = {
			isa = PBXContainerItemProxy;
			containerPortal = 659E1822201BE6B1007C9C84 /* Project object */;
			proxyType = 1;
			remoteGlobalIDString = 659E1829201BE6B1007C9C84;
			remoteInfo = TipCalculator;
		};
/* End PBXContainerItemProxy section */

/* Begin PBXFileReference section */
		659E182A201BE6B1007C9C84 /* TipCalculator.app */ = {isa = PBXFileReference; explicitFileType = wrapper.application; includeInIndex = 0; path = TipCalculator.app; sourceTree = BUILT_PRODUCTS_DIR; };
		659E182D201BE6B1007C9C84 /* AppDelegate.swift */ = {isa = PBXFileReference; lastKnownFileType = sourcecode.swift; path = AppDelegate.swift; sourceTree = "<group>"; };
		659E182F201BE6B1007C9C84 /* ViewController.swift */ = {isa = PBXFileReference; lastKnownFileType = sourcecode.swift; path = ViewController.swift; sourceTree = "<group>"; };
		659E1832201BE6B1007C9C84 /* Base */ = {isa = PBXFileReference; lastKnownFileType = file.storyboard; name = Base; path = Base.lproj/Main.storyboard; sourceTree = "<group>"; };
		659E1834201BE6B1007C9C84 /* Assets.xcassets */ = {isa = PBXFileReference; lastKnownFileType = folder.assetcatalog; path = Assets.xcassets; sourceTree = "<group>"; };
		659E1837201BE6B1007C9C84 /* Base */ = {isa = PBXFileReference; lastKnownFileType = file.storyboard; name = Base; path = Base.lproj/LaunchScreen.storyboard; sourceTree = "<group>"; };
		659E1839201BE6B1007C9C84 /* Info.plist */ = {isa = PBXFileReference; lastKnownFileType = text.plist.xml; path = Info.plist; sourceTree = "<group>"; };
		659E183E201BE6B1007C9C84 /* TipCalculatorTests.xctest */ = {isa = PBXFileReference; explicitFileType = wrapper.cfbundle; includeInIndex = 0; path = TipCalculatorTests.xctest; sourceTree = BUILT_PRODUCTS_DIR; };
		659E1842201BE6B1007C9C84 /* TipCalculatorTests.swift */ = {isa = PBXFileReference; lastKnownFileType = sourcecode.swift; path = TipCalculatorTests.swift; sourceTree = "<group>"; };
		659E1844201BE6B1007C9C84 /* Info.plist */ = {isa = PBXFileReference; lastKnownFileType = text.plist.xml; path = Info.plist; sourceTree = "<group>"; };
		659E1849201BE6B1007C9C84 /* TipCalculatorUITests.xctest */ = {isa = PBXFileReference; explicitFileType = wrapper.cfbundle; includeInIndex = 0; path = TipCalculatorUITests.xctest; sourceTree = BUILT_PRODUCTS_DIR; };
		659E184D201BE6B1007C9C84 /* TipCalculatorUITests.swift */ = {isa = PBXFileReference; lastKnownFileType = sourcecode.swift; path = TipCalculatorUITests.swift; sourceTree = "<group>"; };
		659E184F201BE6B1007C9C84 /* Info.plist */ = {isa = PBXFileReference; lastKnownFileType = text.plist.xml; path = Info.plist; sourceTree = "<group>"; };
/* End PBXFileReference section */

/* Begin PBXFrameworksBuildPhase section */
		659E1827201BE6B1007C9C84 /* Frameworks */ = {
			isa = PBXFrameworksBuildPhase;
			buildActionMask = 2147483647;
			files = (
			);
			runOnlyForDeploymentPostprocessing = 0;
		};
		659E183B201BE6B1007C9C84 /* Frameworks */ = {
			isa = PBXFrameworksBuildPhase;
			buildActionMask = 2147483647;
			files = (
			);
			runOnlyForDeploymentPostprocessing = 0;
		};
		659E1846201BE6B1007C9C84 /* Frameworks */ = {
			isa = PBXFrameworksBuildPhase;
			buildActionMask = 2147483647;
			files = (
			);
			runOnlyForDeploymentPostprocessing = 0;
		};
/* End PBXFrameworksBuildPhase section */

/* Begin PBXGroup section */
		659E1821201BE6B1007C9C84 = {
			isa = PBXGroup;
			children = (
				659E182C201BE6B1007C9C84 /* TipCalculator */,
				659E1841201BE6B1007C9C84 /* TipCalculatorTests */,
				659E184C201BE6B1007C9C84 /* TipCalculatorUITests */,
				659E182B201BE6B1007C9C84 /* Products */,
			);
			sourceTree = "<group>";
		};
		659E182B201BE6B1007C9C84 /* Products */ = {
			isa = PBXGroup;
			children = (
				659E182A201BE6B1007C9C84 /* TipCalculator.app */,
				659E183E201BE6B1007C9C84 /* TipCalculatorTests.xctest */,
				659E1849201BE6B1007C9C84 /* TipCalculatorUITests.xctest */,
			);
			name = Products;
			sourceTree = "<group>";
		};
		659E182C201BE6B1007C9C84 /* TipCalculator */ = {
			isa = PBXGroup;
			children = (
				659E182D201BE6B1007C9C84 /* AppDelegate.swift */,
				659E182F201BE6B1007C9C84 /* ViewController.swift */,
				659E1831201BE6B1007C9C84 /* Main.storyboard */,
				659E1834201BE6B1007C9C84 /* Assets.xcassets */,
				659E1836201BE6B1007C9C84 /* LaunchScreen.storyboard */,
				659E1839201BE6B1007C9C84 /* Info.plist */,
			);
			path = TipCalculator;
			sourceTree = "<group>";
		};
		659E1841201BE6B1007C9C84 /* TipCalculatorTests */ = {
			isa = PBXGroup;
			children = (
				659E1842201BE6B1007C9C84 /* TipCalculatorTests.swift */,
				659E1844201BE6B1007C9C84 /* Info.plist */,
			);
			path = TipCalculatorTests;
			sourceTree = "<group>";
		};
		659E184C201BE6B1007C9C84 /* TipCalculatorUITests */ = {
			isa = PBXGroup;
			children = (
				659E184D201BE6B1007C9C84 /* TipCalculatorUITests.swift */,
				659E184F201BE6B1007C9C84 /* Info.plist */,
			);
			path = TipCalculatorUITests;
			sourceTree = "<group>";
		};
/* End PBXGroup section */

/* Begin PBXNativeTarget section */
		659E1829201BE6B1007C9C84 /* TipCalculator */ = {
			isa = PBXNativeTarget;
			buildConfigurationList = 659E1852201BE6B1007C9C84 /* Build configuration list for PBXNativeTarget "TipCalculator" */;
			buildPhases = (
				659E1826201BE6B1007C9C84 /* Sources */,
				659E1827201BE6B1007C9C84 /* Frameworks */,
				659E1828201BE6B1007C9C84 /* Resources */,
			);
			buildRules = (
			);
			dependencies = (
			);
			name = TipCalculator;
			productName = TipCalculator;
			productReference = 659E182A201BE6B1007C9C84 /* TipCalculator.app */;
			productType = "com.apple.product-type.application";
		};
		659E183D201BE6B1007C9C84 /* TipCalculatorTests */ = {
			isa = PBXNativeTarget;
			buildConfigurationList = 659E1855201BE6B1007C9C84 /* Build configuration list for PBXNativeTarget "TipCalculatorTests" */;
			buildPhases = (
				659E183A201BE6B1007C9C84 /* Sources */,
				659E183B201BE6B1007C9C84 /* Frameworks */,
				659E183C201BE6B1007C9C84 /* Resources */,
			);
			buildRules = (
			);
			dependencies = (
				659E1840201BE6B1007C9C84 /* PBXTargetDependency */,
			);
			name = TipCalculatorTests;
			productName = TipCalculatorTests;
			productReference = 659E183E201BE6B1007C9C84 /* TipCalculatorTests.xctest */;
			productType = "com.apple.product-type.bundle.unit-test";
		};
		659E1848201BE6B1007C9C84 /* TipCalculatorUITests */ = {
			isa = PBXNativeTarget;
			buildConfigurationList = 659E1858201BE6B1007C9C84 /* Build configuration list for PBXNativeTarget "TipCalculatorUITests" */;
			buildPhases = (
				659E1845201BE6B1007C9C84 /* Sources */,
				659E1846201BE6B1007C9C84 /* Frameworks */,
				659E1847201BE6B1007C9C84 /* Resources */,
			);
			buildRules = (
			);
			dependencies = (
				659E184B201BE6B1007C9C84 /* PBXTargetDependency */,
			);
			name = TipCalculatorUITests;
			productName = TipCalculatorUITests;
			productReference = 659E1849201BE6B1007C9C84 /* TipCalculatorUITests.xctest */;
			productType = "com.apple.product-type.bundle.ui-testing";
		};
/* End PBXNativeTarget section */

/* Begin PBXProject section */
		659E1822201BE6B1007C9C84 /* Project object */ = {
			isa = PBXProject;
			attributes = {
				LastSwiftUpdateCheck = 0920;
				LastUpgradeCheck = 0920;
				ORGANIZATIONNAME = "Jinxin Wang";
				TargetAttributes = {
					659E1829201BE6B1007C9C84 = {
						CreatedOnToolsVersion = 9.2;
						ProvisioningStyle = Automatic;
					};
					659E183D201BE6B1007C9C84 = {
						CreatedOnToolsVersion = 9.2;
						ProvisioningStyle = Automatic;
						TestTargetID = 659E1829201BE6B1007C9C84;
					};
					659E1848201BE6B1007C9C84 = {
						CreatedOnToolsVersion = 9.2;
						ProvisioningStyle = Automatic;
						TestTargetID = 659E1829201BE6B1007C9C84;
					};
				};
			};
			buildConfigurationList = 659E1825201BE6B1007C9C84 /* Build configuration list for PBXProject "TipCalculator" */;
			compatibilityVersion = "Xcode 8.0";
			developmentRegion = en;
			hasScannedForEncodings = 0;
			knownRegions = (
				en,
				Base,
			);
			mainGroup = 659E1821201BE6B1007C9C84;
			productRefGroup = 659E182B201BE6B1007C9C84 /* Products */;
			projectDirPath = "";
			projectRoot = "";
			targets = (
				659E1829201BE6B1007C9C84 /* TipCalculator */,
				659E183D201BE6B1007C9C84 /* TipCalculatorTests */,
				659E1848201BE6B1007C9C84 /* TipCalculatorUITests */,
			);
		};
/* End PBXProject section */

/* Begin PBXResourcesBuildPhase section */
		659E1828201BE6B1007C9C84 /* Resources */ = {
			isa = PBXResourcesBuildPhase;
			buildActionMask = 2147483647;
			files = (
				659E1838201BE6B1007C9C84 /* LaunchScreen.storyboard in Resources */,
				659E1835201BE6B1007C9C84 /* Assets.xcassets in Resources */,
				659E1833201BE6B1007C9C84 /* Main.storyboard in Resources */,
			);
			runOnlyForDeploymentPostprocessing = 0;
		};
		659E183C201BE6B1007C9C84 /* Resources */ = {
			isa = PBXResourcesBuildPhase;
			buildActionMask = 2147483647;
			files = (
			);
			runOnlyForDeploymentPostprocessing = 0;
		};
		659E1847201BE6B1007C9C84 /* Resources */ = {
			isa = PBXResourcesBuildPhase;
			buildActionMask = 2147483647;
			files = (
			);
			runOnlyForDeploymentPostprocessing = 0;
		};
/* End PBXResourcesBuildPhase section */

/* Begin PBXSourcesBuildPhase section */
		659E1826201BE6B1007C9C84 /* Sources */ = {
			isa = PBXSourcesBuildPhase;
			buildActionMask = 2147483647;
			files = (
				659E1830201BE6B1007C9C84 /* ViewController.swift in Sources */,
				659E182E201BE6B1007C9C84 /* AppDelegate.swift in Sources */,
			);
			runOnlyForDeploymentPostprocessing = 0;
		};
		659E183A201BE6B1007C9C84 /* Sources */ = {
			isa = PBXSourcesBuildPhase;
			buildActionMask = 2147483647;
			files = (
				659E1843201BE6B1007C9C84 /* TipCalculatorTests.swift in Sources */,
			);
			runOnlyForDeploymentPostprocessing = 0;
		};
		659E1845201BE6B1007C9C84 /* Sources */ = {
			isa = PBXSourcesBuildPhase;
			buildActionMask = 2147483647;
			files = (
				659E184E201BE6B1007C9C84 /* TipCalculatorUITests.swift in Sources */,
			);
			runOnlyForDeploymentPostprocessing = 0;
		};
/* End PBXSourcesBuildPhase section */

/* Begin PBXTargetDependency section */
		659E1840201BE6B1007C9C84 /* PBXTargetDependency */ = {
			isa = PBXTargetDependency;
			target = 659E1829201BE6B1007C9C84 /* TipCalculator */;
			targetProxy = 659E183F201BE6B1007C9C84 /* PBXContainerItemProxy */;
		};
		659E184B201BE6B1007C9C84 /* PBXTargetDependency */ = {
			isa = PBXTargetDependency;
			target = 659E1829201BE6B1007C9C84 /* TipCalculator */;
			targetProxy = 659E184A201BE6B1007C9C84 /* PBXContainerItemProxy */;
		};
/* End PBXTargetDependency section */

/* Begin PBXVariantGroup section */
		659E1831201BE6B1007C9C84 /* Main.storyboard */ = {
			isa = PBXVariantGroup;
			children = (
				659E1832201BE6B1007C9C84 /* Base */,
			);
			name = Main.storyboard;
			sourceTree = "<group>";
		};
		659E1836201BE6B1007C9C84 /* LaunchScreen.storyboard */ = {
			isa = PBXVariantGroup;
			children = (
				659E1837201BE6B1007C9C84 /* Base */,
			);
			name = LaunchScreen.storyboard;
			sourceTree = "<group>";
		};
/* End PBXVariantGroup section */

/* Begin XCBuildConfiguration section */
		659E1850201BE6B1007C9C84 /* Debug */ = {
			isa = XCBuildConfiguration;
			buildSettings = {
				ALWAYS_SEARCH_USER_PATHS = NO;
				CLANG_ANALYZER_NONNULL = YES;
				CLANG_ANALYZER_NUMBER_OBJECT_CONVERSION = YES_AGGRESSIVE;
				CLANG_CXX_LANGUAGE_STANDARD = "gnu++14";
				CLANG_CXX_LIBRARY = "libc++";
				CLANG_ENABLE_MODULES = YES;
				CLANG_ENABLE_OBJC_ARC = YES;
				CLANG_WARN_BLOCK_CAPTURE_AUTORELEASING = YES;
				CLANG_WARN_BOOL_CONVERSION = YES;
				CLANG_WARN_COMMA = YES;
				CLANG_WARN_CONSTANT_CONVERSION = YES;
				CLANG_WARN_DIRECT_OBJC_ISA_USAGE = YES_ERROR;
				CLANG_WARN_DOCUMENTATION_COMMENTS = YES;
				CLANG_WARN_EMPTY_BODY = YES;
				CLANG_WARN_ENUM_CONVERSION = YES;
				CLANG_WARN_INFINITE_RECURSION = YES;
				CLANG_WARN_INT_CONVERSION = YES;
				CLANG_WARN_NON_LITERAL_NULL_CONVERSION = YES;
				CLANG_WARN_OBJC_LITERAL_CONVERSION = YES;
				CLANG_WARN_OBJC_ROOT_CLASS = YES_ERROR;
				CLANG_WARN_RANGE_LOOP_ANALYSIS = YES;
				CLANG_WARN_STRICT_PROTOTYPES = YES;
				CLANG_WARN_SUSPICIOUS_MOVE = YES;
				CLANG_WARN_UNGUARDED_AVAILABILITY = YES_AGGRESSIVE;
				CLANG_WARN_UNREACHABLE_CODE = YES;
				CLANG_WARN__DUPLICATE_METHOD_MATCH = YES;
				CODE_SIGN_IDENTITY = "iPhone Developer";
				COPY_PHASE_STRIP = NO;
				DEBUG_INFORMATION_FORMAT = dwarf;
				ENABLE_STRICT_OBJC_MSGSEND = YES;
				ENABLE_TESTABILITY = YES;
				GCC_C_LANGUAGE_STANDARD = gnu11;
				GCC_DYNAMIC_NO_PIC = NO;
				GCC_NO_COMMON_BLOCKS = YES;
				GCC_OPTIMIZATION_LEVEL = 0;
				GCC_PREPROCESSOR_DEFINITIONS = (
					"DEBUG=1",
					"$(inherited)",
				);
				GCC_WARN_64_TO_32_BIT_CONVERSION = YES;
				GCC_WARN_ABOUT_RETURN_TYPE = YES_ERROR;
				GCC_WARN_UNDECLARED_SELECTOR = YES;
				GCC_WARN_UNINITIALIZED_AUTOS = YES_AGGRESSIVE;
				GCC_WARN_UNUSED_FUNCTION = YES;
				GCC_WARN_UNUSED_VARIABLE = YES;
				IPHONEOS_DEPLOYMENT_TARGET = 11.2;
				MTL_ENABLE_DEBUG_INFO = YES;
				ONLY_ACTIVE_ARCH = YES;
				SDKROOT = iphoneos;
				SWIFT_ACTIVE_COMPILATION_CONDITIONS = DEBUG;
				SWIFT_OPTIMIZATION_LEVEL = "-Onone";
			};
			name = Debug;
		};
		659E1851201BE6B1007C9C84 /* Release */ = {
			isa = XCBuildConfiguration;
			buildSettings = {
				ALWAYS_SEARCH_USER_PATHS = NO;
				CLANG_ANALYZER_NONNULL = YES;
				CLANG_ANALYZER_NUMBER_OBJECT_CONVERSION = YES_AGGRESSIVE;
				CLANG_CXX_LANGUAGE_STANDARD = "gnu++14";
				CLANG_CXX_LIBRARY = "libc++";
				CLANG_ENABLE_MODULES = YES;
				CLANG_ENABLE_OBJC_ARC = YES;
				CLANG_WARN_BLOCK_CAPTURE_AUTORELEASING = YES;
				CLANG_WARN_BOOL_CONVERSION = YES;
				CLANG_WARN_COMMA = YES;
				CLANG_WARN_CONSTANT_CONVERSION = YES;
				CLANG_WARN_DIRECT_OBJC_ISA_USAGE = YES_ERROR;
				CLANG_WARN_DOCUMENTATION_COMMENTS = YES;
				CLANG_WARN_EMPTY_BODY = YES;
				CLANG_WARN_ENUM_CONVERSION = YES;
				CLANG_WARN_INFINITE_RECURSION = YES;
				CLANG_WARN_INT_CONVERSION = YES;
				CLANG_WARN_NON_LITERAL_NULL_CONVERSION = YES;
				CLANG_WARN_OBJC_LITERAL_CONVERSION = YES;
				CLANG_WARN_OBJC_ROOT_CLASS = YES_ERROR;
				CLANG_WARN_RANGE_LOOP_ANALYSIS = YES;
				CLANG_WARN_STRICT_PROTOTYPES = YES;
				CLANG_WARN_SUSPICIOUS_MOVE = YES;
				CLANG_WARN_UNGUARDED_AVAILABILITY = YES_AGGRESSIVE;
				CLANG_WARN_UNREACHABLE_CODE = YES;
				CLANG_WARN__DUPLICATE_METHOD_MATCH = YES;
				CODE_SIGN_IDENTITY = "iPhone Developer";
				COPY_PHASE_STRIP = NO;
				DEBUG_INFORMATION_FORMAT = "dwarf-with-dsym";
				ENABLE_NS_ASSERTIONS = NO;
				ENABLE_STRICT_OBJC_MSGSEND = YES;
				GCC_C_LANGUAGE_STANDARD = gnu11;
				GCC_NO_COMMON_BLOCKS = YES;
				GCC_WARN_64_TO_32_BIT_CONVERSION = YES;
				GCC_WARN_ABOUT_RETURN_TYPE = YES_ERROR;
				GCC_WARN_UNDECLARED_SELECTOR = YES;
				GCC_WARN_UNINITIALIZED_AUTOS = YES_AGGRESSIVE;
				GCC_WARN_UNUSED_FUNCTION = YES;
				GCC_WARN_UNUSED_VARIABLE = YES;
				IPHONEOS_DEPLOYMENT_TARGET = 11.2;
				MTL_ENABLE_DEBUG_INFO = NO;
				SDKROOT = iphoneos;
				SWIFT_OPTIMIZATION_LEVEL = "-Owholemodule";
				VALIDATE_PRODUCT = YES;
			};
			name = Release;
		};
		659E1853201BE6B1007C9C84 /* Debug */ = {
			isa = XCBuildConfiguration;
			buildSettings = {
				ASSETCATALOG_COMPILER_APPICON_NAME = AppIcon;
				CODE_SIGN_STYLE = Automatic;
				INFOPLIST_FILE = TipCalculator/Info.plist;
				LD_RUNPATH_SEARCH_PATHS = "$(inherited) @executable_path/Frameworks";
				PRODUCT_BUNDLE_IDENTIFIER = Jason.TipCalculator;
				PRODUCT_NAME = "$(TARGET_NAME)";
				SWIFT_VERSION = 4.0;
				TARGETED_DEVICE_FAMILY = 1;
			};
			name = Debug;
		};
		659E1854201BE6B1007C9C84 /* Release */ = {
			isa = XCBuildConfiguration;
			buildSettings = {
				ASSETCATALOG_COMPILER_APPICON_NAME = AppIcon;
				CODE_SIGN_STYLE = Automatic;
				INFOPLIST_FILE = TipCalculator/Info.plist;
				LD_RUNPATH_SEARCH_PATHS = "$(inherited) @executable_path/Frameworks";
				PRODUCT_BUNDLE_IDENTIFIER = Jason.TipCalculator;
				PRODUCT_NAME = "$(TARGET_NAME)";
				SWIFT_VERSION = 4.0;
				TARGETED_DEVICE_FAMILY = 1;
			};
			name = Release;
		};
		659E1856201BE6B1007C9C84 /* Debug */ = {
			isa = XCBuildConfiguration;
			buildSettings = {
				ALWAYS_EMBED_SWIFT_STANDARD_LIBRARIES = YES;
				BUNDLE_LOADER = "$(TEST_HOST)";
				CODE_SIGN_STYLE = Automatic;
				INFOPLIST_FILE = TipCalculatorTests/Info.plist;
				LD_RUNPATH_SEARCH_PATHS = "$(inherited) @executable_path/Frameworks @loader_path/Frameworks";
				PRODUCT_BUNDLE_IDENTIFIER = Jason.TipCalculatorTests;
				PRODUCT_NAME = "$(TARGET_NAME)";
				SWIFT_VERSION = 4.0;
				TARGETED_DEVICE_FAMILY = "1,2";
				TEST_HOST = "$(BUILT_PRODUCTS_DIR)/TipCalculator.app/TipCalculator";
			};
			name = Debug;
		};
		659E1857201BE6B1007C9C84 /* Release */ = {
			isa = XCBuildConfiguration;
			buildSettings = {
				ALWAYS_EMBED_SWIFT_STANDARD_LIBRARIES = YES;
				BUNDLE_LOADER = "$(TEST_HOST)";
				CODE_SIGN_STYLE = Automatic;
				INFOPLIST_FILE = TipCalculatorTests/Info.plist;
				LD_RUNPATH_SEARCH_PATHS = "$(inherited) @executable_path/Frameworks @loader_path/Frameworks";
				PRODUCT_BUNDLE_IDENTIFIER = Jason.TipCalculatorTests;
				PRODUCT_NAME = "$(TARGET_NAME)";
				SWIFT_VERSION = 4.0;
				TARGETED_DEVICE_FAMILY = "1,2";
				TEST_HOST = "$(BUILT_PRODUCTS_DIR)/TipCalculator.app/TipCalculator";
			};
			name = Release;
		};
		659E1859201BE6B1007C9C84 /* Debug */ = {
			isa = XCBuildConfiguration;
			buildSettings = {
				ALWAYS_EMBED_SWIFT_STANDARD_LIBRARIES = YES;
				CODE_SIGN_STYLE = Automatic;
				INFOPLIST_FILE = TipCalculatorUITests/Info.plist;
				LD_RUNPATH_SEARCH_PATHS = "$(inherited) @executable_path/Frameworks @loader_path/Frameworks";
				PRODUCT_BUNDLE_IDENTIFIER = Jason.TipCalculatorUITests;
				PRODUCT_NAME = "$(TARGET_NAME)";
				SWIFT_VERSION = 4.0;
				TARGETED_DEVICE_FAMILY = "1,2";
				TEST_TARGET_NAME = TipCalculator;
			};
			name = Debug;
		};
		659E185A201BE6B1007C9C84 /* Release */ = {
			isa = XCBuildConfiguration;
			buildSettings = {
				ALWAYS_EMBED_SWIFT_STANDARD_LIBRARIES = YES;
				CODE_SIGN_STYLE = Automatic;
				INFOPLIST_FILE = TipCalculatorUITests/Info.plist;
				LD_RUNPATH_SEARCH_PATHS = "$(inherited) @executable_path/Frameworks @loader_path/Frameworks";
				PRODUCT_BUNDLE_IDENTIFIER = Jason.TipCalculatorUITests;
				PRODUCT_NAME = "$(TARGET_NAME)";
				SWIFT_VERSION = 4.0;
				TARGETED_DEVICE_FAMILY = "1,2";
				TEST_TARGET_NAME = TipCalculator;
			};
			name = Release;
		};
/* End XCBuildConfiguration section */

/* Begin XCConfigurationList section */
		659E1825201BE6B1007C9C84 /* Build configuration list for PBXProject "TipCalculator" */ = {
			isa = XCConfigurationList;
			buildConfigurations = (
				659E1850201BE6B1007C9C84 /* Debug */,
				659E1851201BE6B1007C9C84 /* Release */,
			);
			defaultConfigurationIsVisible = 0;
			defaultConfigurationName = Release;
		};
		659E1852201BE6B1007C9C84 /* Build configuration list for PBXNativeTarget "TipCalculator" */ = {
			isa = XCConfigurationList;
			buildConfigurations = (
				659E1853201BE6B1007C9C84 /* Debug */,
				659E1854201BE6B1007C9C84 /* Release */,
			);
			defaultConfigurationIsVisible = 0;
			defaultConfigurationName = Release;
		};
		659E1855201BE6B1007C9C84 /* Build configuration list for PBXNativeTarget "TipCalculatorTests" */ = {
			isa = XCConfigurationList;
			buildConfigurations = (
				659E1856201BE6B1007C9C84 /* Debug */,
				659E1857201BE6B1007C9C84 /* Release */,
			);
			defaultConfigurationIsVisible = 0;
			defaultConfigurationName = Release;
		};
		659E1858201BE6B1007C9C84 /* Build configuration list for PBXNativeTarget "TipCalculatorUITests" */ = {
			isa = XCConfigurationList;
			buildConfigurations = (
				659E1859201BE6B1007C9C84 /* Debug */,
				659E185A201BE6B1007C9C84 /* Release */,
			);
			defaultConfigurationIsVisible = 0;
			defaultConfigurationName = Release;
		};
/* End XCConfigurationList section */
	};
	rootObject = 659E1822201BE6B1007C9C84 /* Project object */;
}
